github.com/buger/jsonparser v0.0.0-20200322175846-f7e751efca13 h1:+qUNY4VRkEH46bLUwxCyUU+iOGJMQBVibAaYzWiwWcg=
github.com/buger/jsonparser v0.0.0-20200322175846-f7e751efca13/go.mod h1:tgcrVJ81GPSF0mz+0nu1Xaz0fazGPrmmJfJtxjbHhUQ=
github.com/go-redis/redis v6.15.6+incompatible h1:H9evprGPLI8+ci7fxQx6WNZHJSb7be8FqJQRhdQZ5Sg=
github.com/go-redis/redis v6.15.6+incompatible/go.mod h1:NAIEuMOZ/fxfXJIrKDQDz8wamY7mA7PouImQ2Jvg6kA=
